{
  "name": "CivilChain",
  "lockfileVersion": 3,
  "requires": true,
  "packages": {
    "": {
      "dependencies": {
        "@selfxyz/qrcode": "^1.0.18"
      }
    },
    "node_modules/@selfxyz/qrcode": {
      "version": "1.0.18",
      "resolved": "https://registry.npmjs.org/@selfxyz/qrcode/-/qrcode-1.0.18.tgz",
      "integrity": "sha512-PzQ/RItL5L26GEOEia59whxcOXDGmyI5lcjN6TkxVqzS3eJI7aSeywYACcwJtMVLfud5cPTRyjQ5eLRN2/ZDxQ==",
      "license": "MIT",
      "dependencies": {
        "@selfxyz/sdk-common": "^1.0.0",
        "js-sha1": "^0.7.0",
        "js-sha256": "^0.11.0",
        "js-sha512": "^0.9.0",
        "lottie-react": "^2.4.0",
        "node-forge": "^1.3.1",
        "poseidon-lite": "^0.3.0",
        "qrcode.react": "^4.1.0",
        "react-spinners": "^0.14.1",
        "socket.io-client": "^4.8.1",
        "uuid": "^11.1.0"
      },
      "engines": {
        "node": ">=22 <23"
      },
      "peerDependencies": {
        "lottie-react": "^2.4.0",
        "react": ">=18.0.0 <20.0.0",
        "react-dom": ">=18.0.0 <20.0.0"
      }
    },
    "node_modules/@selfxyz/sdk-common": {
      "version": "1.0.0",
      "resolved": "https://registry.npmjs.org/@selfxyz/sdk-common/-/sdk-common-1.0.0.tgz",
      "integrity": "sha512-NzOJZAH2qCtgk2ZKmHoV7zJYCpdvms9xdw/cfmDRQOlE4w6lS1icqThGb40lX4C/3kurL4Yf9kFC1OG2sHHurw==",
      "license": "ISC",
      "dependencies": {
        "uuid": "^13.0.0"
      }
    },
    "node_modules/@selfxyz/sdk-common/node_modules/uuid": {
      "version": "13.0.0",
      "resolved": "https://registry.npmjs.org/uuid/-/uuid-13.0.0.tgz",
      "integrity": "sha512-XQegIaBTVUjSHliKqcnFqYypAd4S+WCYt5NIeRs6w/UAry7z8Y9j5ZwRRL4kzq9U3sD6v+85er9FvkEaBpji2w==",
      "funding": [
        "https://github.com/sponsors/broofa",
        "https://github.com/sponsors/ctavan"
      ],
      "license": "MIT",
      "bin": {
        "uuid": "dist-node/bin/uuid"
      }
    },
    "node_modules/@socket.io/component-emitter": {
      "version": "3.1.2",
      "resolved": "https://registry.npmjs.org/@socket.io/component-emitter/-/component-emitter-3.1.2.tgz",
      "integrity": "sha512-9BCxFwvbGg/RsZK9tjXd8s4UcwR0MWeFQ1XEKIQVVvAGJyINdrqKMcTRyLoK8Rse1GjzLV9cwjWV1olXRWEXVA==",
      "license": "MIT"
    },
    "node_modules/debug": {
      "version": "4.4.3",
      "resolved": "https://registry.npmjs.org/debug/-/debug-4.4.3.tgz",
      "integrity": "sha512-RGwwWnwQvkVfavKVt22FGLw+xYSdzARwm0ru6DhTVA3umU5hZc28V3kO4stgYryrTlLpuvgI9GiijltAjNbcqA==",
      "license": "MIT",
      "dependencies": {
        "ms": "^2.1.3"
      },
      "engines": {
        "node": ">=6.0"
      },
      "peerDependenciesMeta": {
        "supports-color": {
          "optional": true
        }
      }
    },
    "node_modules/engine.io-client": {
      "version": "6.6.4",
      "resolved": "https://registry.npmjs.org/engine.io-client/-/engine.io-client-6.6.4.tgz",
      "integrity": "sha512-+kjUJnZGwzewFDw951CDWcwj35vMNf2fcj7xQWOctq1F2i1jkDdVvdFG9kM/BEChymCH36KgjnW0NsL58JYRxw==",
      "license": "MIT",
      "dependencies": {
        "@socket.io/component-emitter": "~3.1.0",
        "debug": "~4.4.1",
        "engine.io-parser": "~5.2.1",
        "ws": "~8.18.3",
        "xmlhttprequest-ssl": "~2.1.1"
      }
    },
    "node_modules/engine.io-parser": {
      "version": "5.2.3",
      "resolved": "https://registry.npmjs.org/engine.io-parser/-/engine.io-parser-5.2.3.tgz",
      "integrity": "sha512-HqD3yTBfnBxIrbnM1DoD6Pcq8NECnh8d4As1Qgh0z5Gg3jRRIqijury0CL3ghu/edArpUYiYqQiDUQBIs4np3Q==",
      "license": "MIT",
      "engines": {
        "node": ">=10.0.0"
      }
    },
    "node_modules/js-sha1": {
      "version": "0.7.0",
      "resolved": "https://registry.npmjs.org/js-sha1/-/js-sha1-0.7.0.tgz",
      "integrity": "sha512-oQZ1Mo7440BfLSv9TX87VNEyU52pXPVG19F9PL3gTgNt0tVxlZ8F4O6yze3CLuLx28TxotxvlyepCNaaV0ZjMw==",
      "license": "MIT"
    },
    "node_modules/js-sha256": {
      "version": "0.11.1",
      "resolved": "https://registry.npmjs.org/js-sha256/-/js-sha256-0.11.1.tgz",
      "integrity": "sha512-o6WSo/LUvY2uC4j7mO50a2ms7E/EAdbP0swigLV+nzHKTTaYnaLIWJ02VdXrsJX0vGedDESQnLsOekr94ryfjg==",
      "license": "MIT"
    },
    "node_modules/js-sha512": {
      "version": "0.9.0",
      "resolved": "https://registry.npmjs.org/js-sha512/-/js-sha512-0.9.0.tgz",
      "integrity": "sha512-mirki9WS/SUahm+1TbAPkqvbCiCfOAAsyXeHxK1UkullnJVVqoJG2pL9ObvT05CN+tM7fxhfYm0NbXn+1hWoZg==",
      "license": "MIT"
    },
    "node_modules/lottie-react": {
      "version": "2.4.1",
      "resolved": "https://registry.npmjs.org/lottie-react/-/lottie-react-2.4.1.tgz",
      "integrity": "sha512-LQrH7jlkigIIv++wIyrOYFLHSKQpEY4zehPicL9bQsrt1rnoKRYCYgpCUe5maqylNtacy58/sQDZTkwMcTRxZw==",
      "license": "MIT",
      "dependencies": {
        "lottie-web": "^5.10.2"
      },
      "peerDependencies": {
        "react": "^16.8.0 || ^17.0.0 || ^18.0.0 || ^19.0.0",
        "react-dom": "^16.8.0 || ^17.0.0 || ^18.0.0 || ^19.0.0"
      }
    },
    "node_modules/lottie-web": {
      "version": "5.13.0",
      "resolved": "https://registry.npmjs.org/lottie-web/-/lottie-web-5.13.0.tgz",
      "integrity": "sha512-+gfBXl6sxXMPe8tKQm7qzLnUy5DUPJPKIyRHwtpCpyUEYjHYRJC/5gjUvdkuO2c3JllrPtHXH5UJJK8LRYl5yQ==",
      "license": "MIT"
    },
    "node_modules/ms": {
      "version": "2.1.3",
      "resolved": "https://registry.npmjs.org/ms/-/ms-2.1.3.tgz",
      "integrity": "sha512-6FlzubTLZG3J2a/NVCAleEhjzq5oxgHyaCU9yYXvcLsvoVaHJq/s5xXI6/XXP6tz7R9xAOtHnSO/tXtF3WRTlA==",
      "license": "MIT"
    },
    "node_modules/node-forge": {
      "version": "1.3.3",
      "resolved": "https://registry.npmjs.org/node-forge/-/node-forge-1.3.3.tgz",
      "integrity": "sha512-rLvcdSyRCyouf6jcOIPe/BgwG/d7hKjzMKOas33/pHEr6gbq18IK9zV7DiPvzsz0oBJPme6qr6H6kGZuI9/DZg==",
      "license": "(BSD-3-Clause OR GPL-2.0)",
      "engines": {
        "node": ">= 6.13.0"
      }
    },
    "node_modules/poseidon-lite": {
      "version": "0.3.0",
      "resolved": "https://registry.npmjs.org/poseidon-lite/-/poseidon-lite-0.3.0.tgz",
      "integrity": "sha512-ilJj4MIve4uBEG7SrtPqUUNkvpJ/pLVbndxa0WvebcQqeIhe+h72JR4g0EvwchUzm9sOQDlOjiDNmRAgxNZl4A==",
      "license": "MIT"
    },
    "node_modules/qrcode.react": {
      "version": "4.2.0",
      "resolved": "https://registry.npmjs.org/qrcode.react/-/qrcode.react-4.2.0.tgz",
      "integrity": "sha512-QpgqWi8rD9DsS9EP3z7BT+5lY5SFhsqGjpgW5DY/i3mK4M9DTBNz3ErMi8BWYEfI3L0d8GIbGmcdFAS1uIRGjA==",
      "license": "ISC",
      "peerDependencies": {
        "react": "^16.8.0 || ^17.0.0 || ^18.0.0 || ^19.0.0"
      }
    },
    "node_modules/react-spinners": {
      "version": "0.14.1",
      "resolved": "https://registry.npmjs.org/react-spinners/-/react-spinners-0.14.1.tgz",
      "integrity": "sha512-2Izq+qgQ08HTofCVEdcAQCXFEYfqTDdfeDQJeo/HHQiQJD4imOicNLhkfN2eh1NYEWVOX4D9ok2lhuDB0z3Aag==",
      "license": "MIT",
      "peerDependencies": {
        "react": "^16.0.0 || ^17.0.0 || ^18.0.0",
        "react-dom": "^16.0.0 || ^17.0.0 || ^18.0.0"
      }
    },
    "node_modules/socket.io-client": {
      "version": "4.8.3",
      "resolved": "https://registry.npmjs.org/socket.io-client/-/socket.io-client-4.8.3.tgz",
      "integrity": "sha512-uP0bpjWrjQmUt5DTHq9RuoCBdFJF10cdX9X+a368j/Ft0wmaVgxlrjvK3kjvgCODOMMOz9lcaRzxmso0bTWZ/g==",
      "license": "MIT",
      "dependencies": {
        "@socket.io/component-emitter": "~3.1.0",
        "debug": "~4.4.1",
        "engine.io-client": "~6.6.1",
        "socket.io-parser": "~4.2.4"
      },
      "engines": {
        "node": ">=10.0.0"
      }
    },
    "node_modules/socket.io-parser": {
      "version": "4.2.5",
      "resolved": "https://registry.npmjs.org/socket.io-parser/-/socket.io-parser-4.2.5.tgz",
      "integrity": "sha512-bPMmpy/5WWKHea5Y/jYAP6k74A+hvmRCQaJuJB6I/ML5JZq/KfNieUVo/3Mh7SAqn7TyFdIo6wqYHInG1MU1bQ==",
      "license": "MIT",
      "dependencies": {
        "@socket.io/component-emitter": "~3.1.0",
        "debug": "~4.4.1"
      },
      "engines": {
        "node": ">=10.0.0"
      }
    },
    "node_modules/uuid": {
      "version": "11.1.0",
      "resolved": "https://registry.npmjs.org/uuid/-/uuid-11.1.0.tgz",
      "integrity": "sha512-0/A9rDy9P7cJ+8w1c9WD9V//9Wj15Ce2MPz8Ri6032usz+NfePxx5AcN3bN+r6ZL6jEo066/yNYB3tn4pQEx+A==",
      "funding": [
        "https://github.com/sponsors/broofa",
        "https://github.com/sponsors/ctavan"
      ],
      "license": "MIT",
      "bin": {
        "uuid": "dist/esm/bin/uuid"
      }
    },
    "node_modules/ws": {
      "version": "8.18.3",
      "resolved": "https://registry.npmjs.org/ws/-/ws-8.18.3.tgz",
      "integrity": "sha512-PEIGCY5tSlUt50cqyMXfCzX+oOPqN0vuGqWzbcJ2xvnkzkq46oOpz7dQaTDBdfICb4N14+GARUDw2XV2N4tvzg==",
      "license": "MIT",
      "engines": {
        "node": ">=10.0.0"
      },
      "peerDependencies": {
        "bufferutil": "^4.0.1",
        "utf-8-validate": ">=5.0.2"
      },
      "peerDependenciesMeta": {
        "bufferutil": {
          "optional": true
        },
        "utf-8-validate": {
          "optional": true
        }
      }
    },
    "node_modules/xmlhttprequest-ssl": {
      "version": "2.1.2",
      "resolved": "https://registry.npmjs.org/xmlhttprequest-ssl/-/xmlhttprequest-ssl-2.1.2.tgz",
      "integrity": "sha512-TEU+nJVUUnA4CYJFLvK5X9AOeH4KvDvhIfm0vV1GaQRtchnG0hgK5p8hw/xjv8cunWYCsiPCSDzObPyhEwq3KQ==",
      "engines": {
        "node": ">=0.4.0"
      }
    }
  }
}
